
Microsoft Visual Studio Solution File, Format Version 12.00
# Visual Studio 2012
Project("{FAE04EC0-301F-11D3-BF4B-00C04F79EFBC}") = "Asp_Cv", "Asp_Cv\Asp_Cv.csproj", "{B11A7987-483B-4E89-8FE4-28AF3ABF2346}"
EndProject
Global
	GlobalSection(SolutionConfigurationPlatforms) = preSolution
		Debug|Any CPU = Debug|Any CPU
		Release|Any CPU = Release|Any CPU
	EndGlobalSection
	GlobalSection(ProjectConfigurationPlatforms) = postSolution
		{B11A7987-483B-4E89-8FE4-28AF3ABF2346}.Debug|Any CPU.ActiveCfg = Debug|Any CPU
		{B11A7987-483B-4E89-8FE4-28AF3ABF2346}.Debug|Any CPU.Build.0 = Debug|Any CPU
		{B11A7987-483B-4E89-8FE4-28AF3ABF2346}.Release|Any CPU.ActiveCfg = Release|Any CPU
		{B11A7987-483B-4E89-8FE4-28AF3ABF2346}.Release|Any CPU.Build.0 = Release|Any CPU
	EndGlobalSection
	GlobalSection(SolutionProperties) = preSolution
		HideSolutionNode = FALSE
	EndGlobalSection
EndGlobal
